
Microsoft Visual Studio Solution File, Format Version 12.00
# Visual Studio Version 16
VisualStudioVersion = 16.0.29306.81
MinimumVisualStudioVersion = 10.0.40219.1
Project("{FAE04EC0-301F-11D3-BF4B-00C04F79EFBC}") = "Rus OOP 6.2", "Rus OOP 6.2\Rus OOP 6.2.csproj", "{9BA7CF94-B338-4E38-BCBC-1635C40E71DE}"
EndProject
Global
	GlobalSection(SolutionConfigurationPlatforms) = preSolution
		Debug|Any CPU = Debug|Any CPU
		Release|Any CPU = Release|Any CPU
	EndGlobalSection
	GlobalSection(ProjectConfigurationPlatforms) = postSolution
		{9BA7CF94-B338-4E38-BCBC-1635C40E71DE}.Debug|Any CPU.ActiveCfg = Debug|Any CPU
		{9BA7CF94-B338-4E38-BCBC-1635C40E71DE}.Debug|Any CPU.Build.0 = Debug|Any CPU
		{9BA7CF94-B338-4E38-BCBC-1635C40E71DE}.Release|Any CPU.ActiveCfg = Release|Any CPU
		{9BA7CF94-B338-4E38-BCBC-1635C40E71DE}.Release|Any CPU.Build.0 = Release|Any CPU
	EndGlobalSection
	GlobalSection(SolutionProperties) = preSolution
		HideSolutionNode = FALSE
	EndGlobalSection
	GlobalSection(ExtensibilityGlobals) = postSolution
		SolutionGuid = {1D8BAC80-9CBC-4692-A612-FD0767EF9551}
	EndGlobalSection
EndGlobal
